// !$*UTF8*$!
{
	archiveVersion = 1;
	classes = {
	};
	objectVersion = 56;
	objects = {

/* Begin PBXBuildFile section */
		9D066E772967D76E00536573 /* AppDelegate.swift in Sources */ = {isa = PBXBuildFile; fileRef = 9D066E762967D76E00536573 /* AppDelegate.swift */; };
		9D066E792967D76E00536573 /* SceneDelegate.swift in Sources */ = {isa = PBXBuildFile; fileRef = 9D066E782967D76E00536573 /* SceneDelegate.swift */; };
		9D066E7E2967D76E00536573 /* Main.storyboard in Resources */ = {isa = PBXBuildFile; fileRef = 9D066E7C2967D76E00536573 /* Main.storyboard */; };
		9D066E812967D76E00536573 /* LittlePink.xcdatamodeld in Sources */ = {isa = PBXBuildFile; fileRef = 9D066E7F2967D76E00536573 /* LittlePink.xcdatamodeld */; };
		9D066E862967D76E00536573 /* LaunchScreen.storyboard in Resources */ = {isa = PBXBuildFile; fileRef = 9D066E842967D76E00536573 /* LaunchScreen.storyboard */; };
		9D066E8F2976CC1700536573 /* HomeVC.swift in Sources */ = {isa = PBXBuildFile; fileRef = 9D066E8E2976CC1700536573 /* HomeVC.swift */; };
		9D066E91297F7A1700536573 /* FollowVC.swift in Sources */ = {isa = PBXBuildFile; fileRef = 9D066E90297F7A1700536573 /* FollowVC.swift */; };
		9D066E93297F7A3100536573 /* DiscoverVC.swift in Sources */ = {isa = PBXBuildFile; fileRef = 9D066E92297F7A3100536573 /* DiscoverVC.swift */; };
		9D066E95297F7A4B00536573 /* NearByVC.swift in Sources */ = {isa = PBXBuildFile; fileRef = 9D066E94297F7A4B00536573 /* NearByVC.swift */; };
		9D066E97297F7CC800536573 /* Constants.swift in Sources */ = {isa = PBXBuildFile; fileRef = 9D066E96297F7CC800536573 /* Constants.swift */; };
		9D49639F298E511B00138FDF /* POIVC.swift in Sources */ = {isa = PBXBuildFile; fileRef = 9D49639E298E511B00138FDF /* POIVC.swift */; };
		9D4963A12990DDCB00138FDF /* POICell.swift in Sources */ = {isa = PBXBuildFile; fileRef = 9D4963A02990DDCB00138FDF /* POICell.swift */; };
		9D4963A32990FB6E00138FDF /* POIVC-Config.swift in Sources */ = {isa = PBXBuildFile; fileRef = 9D4963A22990FB6E00138FDF /* POIVC-Config.swift */; };
		9D4963A52990FBE300138FDF /* POIVC-Location.swift in Sources */ = {isa = PBXBuildFile; fileRef = 9D4963A42990FBE300138FDF /* POIVC-Location.swift */; };
		9D4963A72991F89E00138FDF /* POIVC-KeywordsSearch.swift in Sources */ = {isa = PBXBuildFile; fileRef = 9D4963A62991F89E00138FDF /* POIVC-KeywordsSearch.swift */; };
		9D5CB34229938E28008FB1EC /* DraftNoteWaterfallCell.swift in Sources */ = {isa = PBXBuildFile; fileRef = 9D5CB34129938E28008FB1EC /* DraftNoteWaterfallCell.swift */; };
		9D5CB34429949894008FB1EC /* WaterfallVC-LoadData.swift in Sources */ = {isa = PBXBuildFile; fileRef = 9D5CB34329949894008FB1EC /* WaterfallVC-LoadData.swift */; };
		9D5CB346299498E7008FB1EC /* WaterfallVC-Config.swift in Sources */ = {isa = PBXBuildFile; fileRef = 9D5CB345299498E7008FB1EC /* WaterfallVC-Config.swift */; };
		9D5CB3482994ABBA008FB1EC /* WaterfallVC-DataSource.swift in Sources */ = {isa = PBXBuildFile; fileRef = 9D5CB3472994ABBA008FB1EC /* WaterfallVC-DataSource.swift */; };
		9D5CB34A2994E2C4008FB1EC /* WaterfallVC-Delegate.swift in Sources */ = {isa = PBXBuildFile; fileRef = 9D5CB3492994E2C4008FB1EC /* WaterfallVC-Delegate.swift */; };
		9D7E3685299F8C4E00A12C81 /* imagPH.png in Resources */ = {isa = PBXBuildFile; fileRef = 9D7E3683299F8C4E00A12C81 /* imagPH.png */; };
		9D7E3686299F8C4E00A12C81 /* PH1.jpg in Resources */ = {isa = PBXBuildFile; fileRef = 9D7E3684299F8C4E00A12C81 /* PH1.jpg */; };
		9D7E368829A0B0C400A12C81 /* NoteDetailVC-Like.swift in Sources */ = {isa = PBXBuildFile; fileRef = 9D7E368729A0B0C400A12C81 /* NoteDetailVC-Like.swift */; };
		9D7E368A29A0CDB100A12C81 /* WaterfallCell-Like.swift in Sources */ = {isa = PBXBuildFile; fileRef = 9D7E368929A0CDB100A12C81 /* WaterfallCell-Like.swift */; };
		9DA0662C29A316BB00AD75C5 /* CommentView.swift in Sources */ = {isa = PBXBuildFile; fileRef = 9DA0662B29A316BB00AD75C5 /* CommentView.swift */; };
		9DA0662E29A316DB00AD75C5 /* CommentView.xib in Resources */ = {isa = PBXBuildFile; fileRef = 9DA0662D29A316DB00AD75C5 /* CommentView.xib */; };
		9DA0663029A317CB00AD75C5 /* NoteDetailVC-TVDelegate.swift in Sources */ = {isa = PBXBuildFile; fileRef = 9DA0662F29A317CB00AD75C5 /* NoteDetailVC-TVDelegate.swift */; };
		9DA0663229A317EB00AD75C5 /* NoteDetailVC-TVDataSource.swift in Sources */ = {isa = PBXBuildFile; fileRef = 9DA0663129A317EB00AD75C5 /* NoteDetailVC-TVDataSource.swift */; };
		9DA0663429A3553200AD75C5 /* NoteDetailVC-LoadData.swift in Sources */ = {isa = PBXBuildFile; fileRef = 9DA0663329A3553200AD75C5 /* NoteDetailVC-LoadData.swift */; };
		9DA0663629A3763900AD75C5 /* NoteDetailVC-DelComment.swift in Sources */ = {isa = PBXBuildFile; fileRef = 9DA0663529A3763900AD75C5 /* NoteDetailVC-DelComment.swift */; };
		9DA0663829A3861000AD75C5 /* NoteDetailVC-PostComment.swift in Sources */ = {isa = PBXBuildFile; fileRef = 9DA0663729A3861000AD75C5 /* NoteDetailVC-PostComment.swift */; };
		9DA0663A29A3862F00AD75C5 /* NoteDetailVC-PostReply.swift in Sources */ = {isa = PBXBuildFile; fileRef = 9DA0663929A3862F00AD75C5 /* NoteDetailVC-PostReply.swift */; };
		9DAB06DA298BF67F00CE0DD1 /* ChannelVC.swift in Sources */ = {isa = PBXBuildFile; fileRef = 9DAB06D9298BF67F00CE0DD1 /* ChannelVC.swift */; };
		9DAB06DC298BF9DE00CE0DD1 /* ChannelTableVC.swift in Sources */ = {isa = PBXBuildFile; fileRef = 9DAB06DB298BF9DE00CE0DD1 /* ChannelTableVC.swift */; };
		9DAE3998298A79700040ABC9 /* NoteEdit-Config.swift in Sources */ = {isa = PBXBuildFile; fileRef = 9DAE3997298A79700040ABC9 /* NoteEdit-Config.swift */; };
		9DAE399A298BC0510040ABC9 /* TextViewIAView.xib in Resources */ = {isa = PBXBuildFile; fileRef = 9DAE3999298BC0510040ABC9 /* TextViewIAView.xib */; };
		9DAE399C298BC10B0040ABC9 /* TextViewIAView.swift in Sources */ = {isa = PBXBuildFile; fileRef = 9DAE399B298BC10B0040ABC9 /* TextViewIAView.swift */; };
		9DB0A1142994F17100B1FB74 /* NoteEditVC-Helper.swift in Sources */ = {isa = PBXBuildFile; fileRef = 9DB0A1132994F17100B1FB74 /* NoteEditVC-Helper.swift */; };
		9DB0A1162994F32000B1FB74 /* NoteEditVC-UI.swift in Sources */ = {isa = PBXBuildFile; fileRef = 9DB0A1152994F32000B1FB74 /* NoteEditVC-UI.swift */; };
		9DB0A1182994F7B600B1FB74 /* NoteEditVC-DraftNote.swift in Sources */ = {isa = PBXBuildFile; fileRef = 9DB0A1172994F7B600B1FB74 /* NoteEditVC-DraftNote.swift */; };
		9DB0A11A2994FF4000B1FB74 /* MeVC.swift in Sources */ = {isa = PBXBuildFile; fileRef = 9DB0A1192994FF4000B1FB74 /* MeVC.swift */; };
		9DB0A11D2998CC2F00B1FB74 /* LoginVC.swift in Sources */ = {isa = PBXBuildFile; fileRef = 9DB0A11C2998CC2F00B1FB74 /* LoginVC.swift */; };
		9DB0A11F2998CE0300B1FB74 /* LocalLogin-Extensions.swift in Sources */ = {isa = PBXBuildFile; fileRef = 9DB0A11E2998CE0300B1FB74 /* LocalLogin-Extensions.swift */; };
		9DB0A122299B2CAF00B1FB74 /* Assets.xcassets in Resources */ = {isa = PBXBuildFile; fileRef = 9DB0A121299B2CAF00B1FB74 /* Assets.xcassets */; };
		9DB0A124299B770400B1FB74 /* SocialLoginVC.swift in Sources */ = {isa = PBXBuildFile; fileRef = 9DB0A123299B770400B1FB74 /* SocialLoginVC.swift */; };
		9DB0A126299B807C00B1FB74 /* SocialLoginVC-Alipay.swift in Sources */ = {isa = PBXBuildFile; fileRef = 9DB0A125299B807C00B1FB74 /* SocialLoginVC-Alipay.swift */; };
		9DB0A128299BD9CE00B1FB74 /* CodeLoginVC.swift in Sources */ = {isa = PBXBuildFile; fileRef = 9DB0A127299BD9CE00B1FB74 /* CodeLoginVC.swift */; };
		9DB0A12A299BD9FA00B1FB74 /* PasswordLoginVC.swift in Sources */ = {isa = PBXBuildFile; fileRef = 9DB0A129299BD9FA00B1FB74 /* PasswordLoginVC.swift */; };
		9DB0A12C299CDF5E00B1FB74 /* LC-Extensions.swift in Sources */ = {isa = PBXBuildFile; fileRef = 9DB0A12B299CDF5E00B1FB74 /* LC-Extensions.swift */; };
		9DB0A12E299CE49000B1FB74 /* Login-Extensions.swift in Sources */ = {isa = PBXBuildFile; fileRef = 9DB0A12D299CE49000B1FB74 /* Login-Extensions.swift */; };
		9DB0A130299CECC200B1FB74 /* LoginAndMeParentVC.swift in Sources */ = {isa = PBXBuildFile; fileRef = 9DB0A12F299CECC200B1FB74 /* LoginAndMeParentVC.swift */; };
		9DB0A133299E4A7100B1FB74 /* NoteEditVC-Note.swift in Sources */ = {isa = PBXBuildFile; fileRef = 9DB0A132299E4A7000B1FB74 /* NoteEditVC-Note.swift */; };
		9DB0A135299E8E6100B1FB74 /* NoteDetailVC.swift in Sources */ = {isa = PBXBuildFile; fileRef = 9DB0A134299E8E6100B1FB74 /* NoteDetailVC.swift */; };
		9DB0A138299E958200B1FB74 /* NoteDetailVC-UI.swift in Sources */ = {isa = PBXBuildFile; fileRef = 9DB0A137299E958200B1FB74 /* NoteDetailVC-UI.swift */; };
		9DB0A13A299E959D00B1FB74 /* NoteDetailVC-Config.swift in Sources */ = {isa = PBXBuildFile; fileRef = 9DB0A139299E959D00B1FB74 /* NoteDetailVC-Config.swift */; };
		9DB0A13C299F1F0700B1FB74 /* CustomViews.swift in Sources */ = {isa = PBXBuildFile; fileRef = 9DB0A13B299F1F0700B1FB74 /* CustomViews.swift */; };
		9DB70316298CC83500D5AB95 /* Protocols.swift in Sources */ = {isa = PBXBuildFile; fileRef = 9DB70315298CC83500D5AB95 /* Protocols.swift */; };
		9DBE7B1F29A0D59400DFD690 /* NoteDetailVC-Fav.swift in Sources */ = {isa = PBXBuildFile; fileRef = 9DBE7B1E29A0D59400DFD690 /* NoteDetailVC-Fav.swift */; };
		9DBE7B2129A1B4C000DFD690 /* NoteDetailVC-ShareOrMore.swift in Sources */ = {isa = PBXBuildFile; fileRef = 9DBE7B2029A1B4C000DFD690 /* NoteDetailVC-ShareOrMore.swift */; };
		9DBE7B2329A1B59100DFD690 /* NoteDetailVC-DelNote.swift in Sources */ = {isa = PBXBuildFile; fileRef = 9DBE7B2229A1B59100DFD690 /* NoteDetailVC-DelNote.swift */; };
		9DBE7B2529A1B59E00DFD690 /* NoteDetailVC-EditNote.swift in Sources */ = {isa = PBXBuildFile; fileRef = 9DBE7B2429A1B59E00DFD690 /* NoteDetailVC-EditNote.swift */; };
		9DBE7B2729A1B94900DFD690 /* NoteDetailVC-Helper.swift in Sources */ = {isa = PBXBuildFile; fileRef = 9DBE7B2629A1B94900DFD690 /* NoteDetailVC-Helper.swift */; };
		9DD039F02988144800E827C0 /* WaterfallVC.swift in Sources */ = {isa = PBXBuildFile; fileRef = 9DD039EF2988144800E827C0 /* WaterfallVC.swift */; };
		9DD039F2298817F800E827C0 /* WaterfallCell.swift in Sources */ = {isa = PBXBuildFile; fileRef = 9DD039F1298817F800E827C0 /* WaterfallCell.swift */; };
		9DD039F72988B1FA00E827C0 /* README.md in Resources */ = {isa = PBXBuildFile; fileRef = 9DD039F62988B1FA00E827C0 /* README.md */; };
		9DD039FE2988B54300E827C0 /* PostVC.swift in Sources */ = {isa = PBXBuildFile; fileRef = 9DD039FD2988B54300E827C0 /* PostVC.swift */; };
		9DD03A042988B7E100E827C0 /* TabBarC.swift in Sources */ = {isa = PBXBuildFile; fileRef = 9DD03A032988B7E100E827C0 /* TabBarC.swift */; };
		9DD03A062988BC5B00E827C0 /* System-Extensions.swift in Sources */ = {isa = PBXBuildFile; fileRef = 9DD03A052988BC5B00E827C0 /* System-Extensions.swift */; };
		9DE8934529890DB2008E743E /* NoteEditVC.swift in Sources */ = {isa = PBXBuildFile; fileRef = 9DE8934429890DB2008E743E /* NoteEditVC.swift */; };
		9DE8934729892B22008E743E /* PhotoCell.swift in Sources */ = {isa = PBXBuildFile; fileRef = 9DE8934629892B22008E743E /* PhotoCell.swift */; };
		9DE89349298969BD008E743E /* PhotoFooter.swift in Sources */ = {isa = PBXBuildFile; fileRef = 9DE89348298969BD008E743E /* PhotoFooter.swift */; };
		9DE8934D298A06CD008E743E /* TV.mp4 in Resources */ = {isa = PBXBuildFile; fileRef = 9DE8934C298A05AF008E743E /* TV.mp4 */; };
		9DE8934F298A08BD008E743E /* NoteEditVC-DragDrop.swift in Sources */ = {isa = PBXBuildFile; fileRef = 9DE8934E298A08BD008E743E /* NoteEditVC-DragDrop.swift */; };
		9DE89351298A1C46008E743E /* NoteEditVC-CollectionView.swift in Sources */ = {isa = PBXBuildFile; fileRef = 9DE89350298A1C46008E743E /* NoteEditVC-CollectionView.swift */; };
		E0288F43A66A9D1B7AFBD397 /* Pods_LittlePink.framework in Frameworks */ = {isa = PBXBuildFile; fileRef = F70E8E44A58A29D219D99460 /* Pods_LittlePink.framework */; };
/* End PBXBuildFile section */

/* Begin PBXFileReference section */
		00ABE877DFA7A34425D115AC /* Pods-LittlePink.release.xcconfig */ = {isa = PBXFileReference; includeInIndex = 1; lastKnownFileType = text.xcconfig; name = "Pods-LittlePink.release.xcconfig"; path = "Target Support Files/Pods-LittlePink/Pods-LittlePink.release.xcconfig"; sourceTree = "<group>"; };
		9D066E732967D76E00536573 /* LittlePink.app */ = {isa = PBXFileReference; explicitFileType = wrapper.application; includeInIndex = 0; path = LittlePink.app; sourceTree = BUILT_PRODUCTS_DIR; };
		9D066E762967D76E00536573 /* AppDelegate.swift */ = {isa = PBXFileReference; lastKnownFileType = sourcecode.swift; path = AppDelegate.swift; sourceTree = "<group>"; };
		9D066E782967D76E00536573 /* SceneDelegate.swift */ = {isa = PBXFileReference; lastKnownFileType = sourcecode.swift; path = SceneDelegate.swift; sourceTree = "<group>"; };
		9D066E7D2967D76E00536573 /* Base */ = {isa = PBXFileReference; lastKnownFileType = file.storyboard; name = Base; path = Base.lproj/Main.storyboard; sourceTree = "<group>"; };
		9D066E802967D76E00536573 /* LittlePink.xcdatamodel */ = {isa = PBXFileReference; lastKnownFileType = wrapper.xcdatamodel; path = LittlePink.xcdatamodel; sourceTree = "<group>"; };
		9D066E852967D76E00536573 /* Base */ = {isa = PBXFileReference; lastKnownFileType = file.storyboard; name = Base; path = Base.lproj/LaunchScreen.storyboard; sourceTree = "<group>"; };
		9D066E872967D76E00536573 /* Info.plist */ = {isa = PBXFileReference; lastKnownFileType = text.plist.xml; path = Info.plist; sourceTree = "<group>"; };
		9D066E8E2976CC1700536573 /* HomeVC.swift */ = {isa = PBXFileReference; lastKnownFileType = sourcecode.swift; path = HomeVC.swift; sourceTree = "<group>"; };
		9D066E90297F7A1700536573 /* FollowVC.swift */ = {isa = PBXFileReference; lastKnownFileType = sourcecode.swift; path = FollowVC.swift; sourceTree = "<group>"; };
		9D066E92297F7A3100536573 /* DiscoverVC.swift */ = {isa = PBXFileReference; lastKnownFileType = sourcecode.swift; path = DiscoverVC.swift; sourceTree = "<group>"; };
		9D066E94297F7A4B00536573 /* NearByVC.swift */ = {isa = PBXFileReference; lastKnownFileType = sourcecode.swift; path = NearByVC.swift; sourceTree = "<group>"; };
		9D066E96297F7CC800536573 /* Constants.swift */ = {isa = PBXFileReference; lastKnownFileType = sourcecode.swift; path = Constants.swift; sourceTree = "<group>"; };
		9D49639E298E511B00138FDF /* POIVC.swift */ = {isa = PBXFileReference; lastKnownFileType = sourcecode.swift; path = POIVC.swift; sourceTree = "<group>"; };
		9D4963A02990DDCB00138FDF /* POICell.swift */ = {isa = PBXFileReference; lastKnownFileType = sourcecode.swift; path = POICell.swift; sourceTree = "<group>"; };
		9D4963A22990FB6E00138FDF /* POIVC-Config.swift */ = {isa = PBXFileReference; lastKnownFileType = sourcecode.swift; path = "POIVC-Config.swift"; sourceTree = "<group>"; };
		9D4963A42990FBE300138FDF /* POIVC-Location.swift */ = {isa = PBXFileReference; lastKnownFileType = sourcecode.swift; path = "POIVC-Location.swift"; sourceTree = "<group>"; };
		9D4963A62991F89E00138FDF /* POIVC-KeywordsSearch.swift */ = {isa = PBXFileReference; lastKnownFileType = sourcecode.swift; path = "POIVC-KeywordsSearch.swift"; sourceTree = "<group>"; };
		9D5CB34129938E28008FB1EC /* DraftNoteWaterfallCell.swift */ = {isa = PBXFileReference; lastKnownFileType = sourcecode.swift; path = DraftNoteWaterfallCell.swift; sourceTree = "<group>"; };
		9D5CB34329949894008FB1EC /* WaterfallVC-LoadData.swift */ = {isa = PBXFileReference; lastKnownFileType = sourcecode.swift; path = "WaterfallVC-LoadData.swift"; sourceTree = "<group>"; };
		9D5CB345299498E7008FB1EC /* WaterfallVC-Config.swift */ = {isa = PBXFileReference; lastKnownFileType = sourcecode.swift; path = "WaterfallVC-Config.swift"; sourceTree = "<group>"; };
		9D5CB3472994ABBA008FB1EC /* WaterfallVC-DataSource.swift */ = {isa = PBXFileReference; lastKnownFileType = sourcecode.swift; path = "WaterfallVC-DataSource.swift"; sourceTree = "<group>"; };
		9D5CB3492994E2C4008FB1EC /* WaterfallVC-Delegate.swift */ = {isa = PBXFileReference; lastKnownFileType = sourcecode.swift; path = "WaterfallVC-Delegate.swift"; sourceTree = "<group>"; };
		9D7E3683299F8C4E00A12C81 /* imagPH.png */ = {isa = PBXFileReference; lastKnownFileType = image.png; path = imagPH.png; sourceTree = "<group>"; };
		9D7E3684299F8C4E00A12C81 /* PH1.jpg */ = {isa = PBXFileReference; lastKnownFileType = image.jpeg; path = PH1.jpg; sourceTree = "<group>"; };
		9D7E368729A0B0C400A12C81 /* NoteDetailVC-Like.swift */ = {isa = PBXFileReference; lastKnownFileType = sourcecode.swift; path = "NoteDetailVC-Like.swift"; sourceTree = "<group>"; };
		9D7E368929A0CDB100A12C81 /* WaterfallCell-Like.swift */ = {isa = PBXFileReference; lastKnownFileType = sourcecode.swift; path = "WaterfallCell-Like.swift"; sourceTree = "<group>"; };
		9DA0662B29A316BB00AD75C5 /* CommentView.swift */ = {isa = PBXFileReference; lastKnownFileType = sourcecode.swift; path = CommentView.swift; sourceTree = "<group>"; };
		9DA0662D29A316DB00AD75C5 /* CommentView.xib */ = {isa = PBXFileReference; lastKnownFileType = file.xib; path = CommentView.xib; sourceTree = "<group>"; };
		9DA0662F29A317CB00AD75C5 /* NoteDetailVC-TVDelegate.swift */ = {isa = PBXFileReference; lastKnownFileType = sourcecode.swift; path = "NoteDetailVC-TVDelegate.swift"; sourceTree = "<group>"; };
		9DA0663129A317EB00AD75C5 /* NoteDetailVC-TVDataSource.swift */ = {isa = PBXFileReference; lastKnownFileType = sourcecode.swift; path = "NoteDetailVC-TVDataSource.swift"; sourceTree = "<group>"; };
		9DA0663329A3553200AD75C5 /* NoteDetailVC-LoadData.swift */ = {isa = PBXFileReference; lastKnownFileType = sourcecode.swift; path = "NoteDetailVC-LoadData.swift"; sourceTree = "<group>"; };
		9DA0663529A3763900AD75C5 /* NoteDetailVC-DelComment.swift */ = {isa = PBXFileReference; lastKnownFileType = sourcecode.swift; path = "NoteDetailVC-DelComment.swift"; sourceTree = "<group>"; };
		9DA0663729A3861000AD75C5 /* NoteDetailVC-PostComment.swift */ = {isa = PBXFileReference; lastKnownFileType = sourcecode.swift; path = "NoteDetailVC-PostComment.swift"; sourceTree = "<group>"; };
		9DA0663929A3862F00AD75C5 /* NoteDetailVC-PostReply.swift */ = {isa = PBXFileReference; lastKnownFileType = sourcecode.swift; path = "NoteDetailVC-PostReply.swift"; sourceTree = "<group>"; };
		9DAB06D9298BF67F00CE0DD1 /* ChannelVC.swift */ = {isa = PBXFileReference; lastKnownFileType = sourcecode.swift; path = ChannelVC.swift; sourceTree = "<group>"; };
		9DAB06DB298BF9DE00CE0DD1 /* ChannelTableVC.swift */ = {isa = PBXFileReference; lastKnownFileType = sourcecode.swift; path = ChannelTableVC.swift; sourceTree = "<group>"; };
		9DAE3997298A79700040ABC9 /* NoteEdit-Config.swift */ = {isa = PBXFileReference; lastKnownFileType = sourcecode.swift; path = "NoteEdit-Config.swift"; sourceTree = "<group>"; };
		9DAE3999298BC0510040ABC9 /* TextViewIAView.xib */ = {isa = PBXFileReference; lastKnownFileType = file.xib; path = TextViewIAView.xib; sourceTree = "<group>"; };
		9DAE399B298BC10B0040ABC9 /* TextViewIAView.swift */ = {isa = PBXFileReference; lastKnownFileType = sourcecode.swift; path = TextViewIAView.swift; sourceTree = "<group>"; };
		9DB0A1132994F17100B1FB74 /* NoteEditVC-Helper.swift */ = {isa = PBXFileReference; lastKnownFileType = sourcecode.swift; path = "NoteEditVC-Helper.swift"; sourceTree = "<group>"; };
		9DB0A1152994F32000B1FB74 /* NoteEditVC-UI.swift */ = {isa = PBXFileReference; lastKnownFileType = sourcecode.swift; path = "NoteEditVC-UI.swift"; sourceTree = "<group>"; };
		9DB0A1172994F7B600B1FB74 /* NoteEditVC-DraftNote.swift */ = {isa = PBXFileReference; lastKnownFileType = sourcecode.swift; path = "NoteEditVC-DraftNote.swift"; sourceTree = "<group>"; };
		9DB0A1192994FF4000B1FB74 /* MeVC.swift */ = {isa = PBXFileReference; lastKnownFileType = sourcecode.swift; path = MeVC.swift; sourceTree = "<group>"; };
		9DB0A11C2998CC2F00B1FB74 /* LoginVC.swift */ = {isa = PBXFileReference; lastKnownFileType = sourcecode.swift; path = LoginVC.swift; sourceTree = "<group>"; };
		9DB0A11E2998CE0300B1FB74 /* LocalLogin-Extensions.swift */ = {isa = PBXFileReference; lastKnownFileType = sourcecode.swift; path = "LocalLogin-Extensions.swift"; sourceTree = "<group>"; };
		9DB0A121299B2CAF00B1FB74 /* Assets.xcassets */ = {isa = PBXFileReference; lastKnownFileType = folder.assetcatalog; name = Assets.xcassets; path = LittlePink/Assets.xcassets; sourceTree = "<group>"; };
		9DB0A123299B770400B1FB74 /* SocialLoginVC.swift */ = {isa = PBXFileReference; lastKnownFileType = sourcecode.swift; path = SocialLoginVC.swift; sourceTree = "<group>"; };
		9DB0A125299B807C00B1FB74 /* SocialLoginVC-Alipay.swift */ = {isa = PBXFileReference; lastKnownFileType = sourcecode.swift; path = "SocialLoginVC-Alipay.swift"; sourceTree = "<group>"; };
		9DB0A127299BD9CE00B1FB74 /* CodeLoginVC.swift */ = {isa = PBXFileReference; lastKnownFileType = sourcecode.swift; path = CodeLoginVC.swift; sourceTree = "<group>"; };
		9DB0A129299BD9FA00B1FB74 /* PasswordLoginVC.swift */ = {isa = PBXFileReference; lastKnownFileType = sourcecode.swift; path = PasswordLoginVC.swift; sourceTree = "<group>"; };
		9DB0A12B299CDF5E00B1FB74 /* LC-Extensions.swift */ = {isa = PBXFileReference; lastKnownFileType = sourcecode.swift; path = "LC-Extensions.swift"; sourceTree = "<group>"; };
		9DB0A12D299CE49000B1FB74 /* Login-Extensions.swift */ = {isa = PBXFileReference; lastKnownFileType = sourcecode.swift; path = "Login-Extensions.swift"; sourceTree = "<group>"; };
		9DB0A12F299CECC200B1FB74 /* LoginAndMeParentVC.swift */ = {isa = PBXFileReference; lastKnownFileType = sourcecode.swift; path = LoginAndMeParentVC.swift; sourceTree = "<group>"; };
		9DB0A132299E4A7000B1FB74 /* NoteEditVC-Note.swift */ = {isa = PBXFileReference; lastKnownFileType = sourcecode.swift; path = "NoteEditVC-Note.swift"; sourceTree = "<group>"; };
		9DB0A134299E8E6100B1FB74 /* NoteDetailVC.swift */ = {isa = PBXFileReference; lastKnownFileType = sourcecode.swift; path = NoteDetailVC.swift; sourceTree = "<group>"; };
		9DB0A137299E958200B1FB74 /* NoteDetailVC-UI.swift */ = {isa = PBXFileReference; lastKnownFileType = sourcecode.swift; path = "NoteDetailVC-UI.swift"; sourceTree = "<group>"; };
		9DB0A139299E959D00B1FB74 /* NoteDetailVC-Config.swift */ = {isa = PBXFileReference; lastKnownFileType = sourcecode.swift; path = "NoteDetailVC-Config.swift"; sourceTree = "<group>"; };
		9DB0A13B299F1F0700B1FB74 /* CustomViews.swift */ = {isa = PBXFileReference; lastKnownFileType = sourcecode.swift; path = CustomViews.swift; sourceTree = "<group>"; };
		9DB70315298CC83500D5AB95 /* Protocols.swift */ = {isa = PBXFileReference; lastKnownFileType = sourcecode.swift; path = Protocols.swift; sourceTree = "<group>"; };
		9DBB53CA2988E95400396B6D /* zh-Hans */ = {isa = PBXFileReference; lastKnownFileType = text.plist.strings; name = "zh-Hans"; path = "zh-Hans.lproj/Main.strings"; sourceTree = "<group>"; };
		9DBB53CB2988E95400396B6D /* zh-Hans */ = {isa = PBXFileReference; lastKnownFileType = text.plist.strings; name = "zh-Hans"; path = "zh-Hans.lproj/LaunchScreen.strings"; sourceTree = "<group>"; };
		9DBE7B1E29A0D59400DFD690 /* NoteDetailVC-Fav.swift */ = {isa = PBXFileReference; lastKnownFileType = sourcecode.swift; path = "NoteDetailVC-Fav.swift"; sourceTree = "<group>"; };
		9DBE7B2029A1B4C000DFD690 /* NoteDetailVC-ShareOrMore.swift */ = {isa = PBXFileReference; lastKnownFileType = sourcecode.swift; path = "NoteDetailVC-ShareOrMore.swift"; sourceTree = "<group>"; };
		9DBE7B2229A1B59100DFD690 /* NoteDetailVC-DelNote.swift */ = {isa = PBXFileReference; lastKnownFileType = sourcecode.swift; path = "NoteDetailVC-DelNote.swift"; sourceTree = "<group>"; };
		9DBE7B2429A1B59E00DFD690 /* NoteDetailVC-EditNote.swift */ = {isa = PBXFileReference; lastKnownFileType = sourcecode.swift; path = "NoteDetailVC-EditNote.swift"; sourceTree = "<group>"; };
		9DBE7B2629A1B94900DFD690 /* NoteDetailVC-Helper.swift */ = {isa = PBXFileReference; lastKnownFileType = sourcecode.swift; path = "NoteDetailVC-Helper.swift"; sourceTree = "<group>"; };
		9DD039EF2988144800E827C0 /* WaterfallVC.swift */ = {isa = PBXFileReference; lastKnownFileType = sourcecode.swift; path = WaterfallVC.swift; sourceTree = "<group>"; };
		9DD039F1298817F800E827C0 /* WaterfallCell.swift */ = {isa = PBXFileReference; lastKnownFileType = sourcecode.swift; path = WaterfallCell.swift; sourceTree = "<group>"; };
		9DD039F62988B1FA00E827C0 /* README.md */ = {isa = PBXFileReference; lastKnownFileType = net.daringfireball.markdown; path = README.md; sourceTree = "<group>"; };
		9DD039FD2988B54300E827C0 /* PostVC.swift */ = {isa = PBXFileReference; lastKnownFileType = sourcecode.swift; path = PostVC.swift; sourceTree = "<group>"; };
		9DD03A032988B7E100E827C0 /* TabBarC.swift */ = {isa = PBXFileReference; lastKnownFileType = sourcecode.swift; path = TabBarC.swift; sourceTree = "<group>"; };
		9DD03A052988BC5B00E827C0 /* System-Extensions.swift */ = {isa = PBXFileReference; lastKnownFileType = sourcecode.swift; path = "System-Extensions.swift"; sourceTree = "<group>"; };
		9DE8934429890DB2008E743E /* NoteEditVC.swift */ = {isa = PBXFileReference; lastKnownFileType = sourcecode.swift; path = NoteEditVC.swift; sourceTree = "<group>"; };
		9DE8934629892B22008E743E /* PhotoCell.swift */ = {isa = PBXFileReference; lastKnownFileType = sourcecode.swift; path = PhotoCell.swift; sourceTree = "<group>"; };
		9DE89348298969BD008E743E /* PhotoFooter.swift */ = {isa = PBXFileReference; lastKnownFileType = sourcecode.swift; path = PhotoFooter.swift; sourceTree = "<group>"; };
		9DE8934B29897C6F008E743E /* LittlePink-Bridging-Header.h */ = {isa = PBXFileReference; lastKnownFileType = sourcecode.c.h; path = "LittlePink-Bridging-Header.h"; sourceTree = "<group>"; };
		9DE8934C298A05AF008E743E /* TV.mp4 */ = {isa = PBXFileReference; lastKnownFileType = file; path = TV.mp4; sourceTree = "<group>"; };
		9DE8934E298A08BD008E743E /* NoteEditVC-DragDrop.swift */ = {isa = PBXFileReference; lastKnownFileType = sourcecode.swift; path = "NoteEditVC-DragDrop.swift"; sourceTree = "<group>"; };
		9DE89350298A1C46008E743E /* NoteEditVC-CollectionView.swift */ = {isa = PBXFileReference; lastKnownFileType = sourcecode.swift; path = "NoteEditVC-CollectionView.swift"; sourceTree = "<group>"; };
		CE726EF01A00D7E582DDE28B /* Pods-LittlePink.debug.xcconfig */ = {isa = PBXFileReference; includeInIndex = 1; lastKnownFileType = text.xcconfig; name = "Pods-LittlePink.debug.xcconfig"; path = "Target Support Files/Pods-LittlePink/Pods-LittlePink.debug.xcconfig"; sourceTree = "<group>"; };
		F70E8E44A58A29D219D99460 /* Pods_LittlePink.framework */ = {isa = PBXFileReference; explicitFileType = wrapper.framework; includeInIndex = 0; path = Pods_LittlePink.framework; sourceTree = BUILT_PRODUCTS_DIR; };
/* End PBXFileReference section */

/* Begin PBXFrameworksBuildPhase section */
		9D066E702967D76E00536573 /* Frameworks */ = {
			isa = PBXFrameworksBuildPhase;
			buildActionMask = 2147483647;
			files = (
				E0288F43A66A9D1B7AFBD397 /* Pods_LittlePink.framework in Frameworks */,
			);
			runOnlyForDeploymentPostprocessing = 0;
		};
/* End PBXFrameworksBuildPhase section */

/* Begin PBXGroup section */
		03B1B511124CCEAF95E1C0FF /* Frameworks */ = {
			isa = PBXGroup;
			children = (
				F70E8E44A58A29D219D99460 /* Pods_LittlePink.framework */,
			);
			name = Frameworks;
			sourceTree = "<group>";
		};
		9D066E6A2967D76E00536573 = {
			isa = PBXGroup;
			children = (
				9DD039F62988B1FA00E827C0 /* README.md */,
				9DB0A121299B2CAF00B1FB74 /* Assets.xcassets */,
				9D066E752967D76E00536573 /* LittlePink */,
				9D066E742967D76E00536573 /* Products */,
				DAC58190A9D3F705834645AF /* Pods */,
				03B1B511124CCEAF95E1C0FF /* Frameworks */,
			);
			sourceTree = "<group>";
		};
		9D066E742967D76E00536573 /* Products */ = {
			isa = PBXGroup;
			children = (
				9D066E732967D76E00536573 /* LittlePink.app */,
			);
			name = Products;
			sourceTree = "<group>";
		};
		9D066E752967D76E00536573 /* LittlePink */ = {
			isa = PBXGroup;
			children = (
				9D066E762967D76E00536573 /* AppDelegate.swift */,
				9D066E782967D76E00536573 /* SceneDelegate.swift */,
				9DD03A032988B7E100E827C0 /* TabBarC.swift */,
				9D066E7C2967D76E00536573 /* Main.storyboard */,
				9D066E98297F7ED600536573 /* Home */,
				9DD039F32988AC7D00E827C0 /* Waterfall */,
				9DE8934A29897220008E743E /* NoteEdit */,
				9DB0A136299E8E8800B1FB74 /* NoteDetail */,
				9DB0A131299CECEB00B1FB74 /* Me */,
				9DB0A11B2998CBFE00B1FB74 /* Login */,
				9DD039EC2988043600E827C0 /* Common */,
				9D7E3682299F8C0200A12C81 /* Resources */,
				9DE89352298A1E69008E743E /* PlaceHolder */,
				9D066E842967D76E00536573 /* LaunchScreen.storyboard */,
				9D066E872967D76E00536573 /* Info.plist */,
				9D066E7F2967D76E00536573 /* LittlePink.xcdatamodeld */,
				9DE8934B29897C6F008E743E /* LittlePink-Bridging-Header.h */,
				9DE8934C298A05AF008E743E /* TV.mp4 */,
			);
			path = LittlePink;
			sourceTree = "<group>";
		};
		9D066E98297F7ED600536573 /* Home */ = {
			isa = PBXGroup;
			children = (
				9D066E8E2976CC1700536573 /* HomeVC.swift */,
				9D066E92297F7A3100536573 /* DiscoverVC.swift */,
				9D066E90297F7A1700536573 /* FollowVC.swift */,
				9D066E94297F7A4B00536573 /* NearByVC.swift */,
			);
			path = Home;
			sourceTree = "<group>";
		};
		9D7E3682299F8C0200A12C81 /* Resources */ = {
			isa = PBXGroup;
			children = (
				9D7E3683299F8C4E00A12C81 /* imagPH.png */,
				9D7E3684299F8C4E00A12C81 /* PH1.jpg */,
			);
			path = Resources;
			sourceTree = "<group>";
		};
		9DB0A11B2998CBFE00B1FB74 /* Login */ = {
			isa = PBXGroup;
			children = (
				9DB0A11C2998CC2F00B1FB74 /* LoginVC.swift */,
				9DB0A123299B770400B1FB74 /* SocialLoginVC.swift */,
				9DB0A125299B807C00B1FB74 /* SocialLoginVC-Alipay.swift */,
				9DB0A127299BD9CE00B1FB74 /* CodeLoginVC.swift */,
				9DB0A129299BD9FA00B1FB74 /* PasswordLoginVC.swift */,
			);
			path = Login;
			sourceTree = "<group>";
		};
		9DB0A120299A07BD00B1FB74 /* Extensions */ = {
			isa = PBXGroup;
			children = (
				9DD03A052988BC5B00E827C0 /* System-Extensions.swift */,
				9DB0A11E2998CE0300B1FB74 /* LocalLogin-Extensions.swift */,
				9DB0A12D299CE49000B1FB74 /* Login-Extensions.swift */,
				9DB0A12B299CDF5E00B1FB74 /* LC-Extensions.swift */,
			);
			path = Extensions;
			sourceTree = "<group>";
		};
		9DB0A131299CECEB00B1FB74 /* Me */ = {
			isa = PBXGroup;
			children = (
				9DB0A12F299CECC200B1FB74 /* LoginAndMeParentVC.swift */,
				9DB0A1192994FF4000B1FB74 /* MeVC.swift */,
			);
			path = Me;
			sourceTree = "<group>";
		};
		9DB0A136299E8E8800B1FB74 /* NoteDetail */ = {
			isa = PBXGroup;
			children = (
				9DB0A134299E8E6100B1FB74 /* NoteDetailVC.swift */,
				9DB0A139299E959D00B1FB74 /* NoteDetailVC-Config.swift */,
				9DB0A137299E958200B1FB74 /* NoteDetailVC-UI.swift */,
				9DA0663329A3553200AD75C5 /* NoteDetailVC-LoadData.swift */,
				9DBE7B2029A1B4C000DFD690 /* NoteDetailVC-ShareOrMore.swift */,
				9DBE7B2229A1B59100DFD690 /* NoteDetailVC-DelNote.swift */,
				9DBE7B2429A1B59E00DFD690 /* NoteDetailVC-EditNote.swift */,
				9D7E368729A0B0C400A12C81 /* NoteDetailVC-Like.swift */,
				9DBE7B1E29A0D59400DFD690 /* NoteDetailVC-Fav.swift */,
				9DA0663129A317EB00AD75C5 /* NoteDetailVC-TVDataSource.swift */,
				9DA0662F29A317CB00AD75C5 /* NoteDetailVC-TVDelegate.swift */,
				9DA0663729A3861000AD75C5 /* NoteDetailVC-PostComment.swift */,
				9DA0663529A3763900AD75C5 /* NoteDetailVC-DelComment.swift */,
				9DA0663929A3862F00AD75C5 /* NoteDetailVC-PostReply.swift */,
				9DBE7B2629A1B94900DFD690 /* NoteDetailVC-Helper.swift */,
				9DA0662B29A316BB00AD75C5 /* CommentView.swift */,
				9DA0662D29A316DB00AD75C5 /* CommentView.xib */,
			);
			path = NoteDetail;
			sourceTree = "<group>";
		};
		9DD039EC2988043600E827C0 /* Common */ = {
			isa = PBXGroup;
			children = (
				9DB0A120299A07BD00B1FB74 /* Extensions */,
				9D066E96297F7CC800536573 /* Constants.swift */,
				9DB70315298CC83500D5AB95 /* Protocols.swift */,
				9DB0A13B299F1F0700B1FB74 /* CustomViews.swift */,
			);
			path = Common;
			sourceTree = "<group>";
		};
		9DD039F32988AC7D00E827C0 /* Waterfall */ = {
			isa = PBXGroup;
			children = (
				9DD039EF2988144800E827C0 /* WaterfallVC.swift */,
				9D5CB345299498E7008FB1EC /* WaterfallVC-Config.swift */,
				9D5CB34329949894008FB1EC /* WaterfallVC-LoadData.swift */,
				9D5CB3472994ABBA008FB1EC /* WaterfallVC-DataSource.swift */,
				9D5CB3492994E2C4008FB1EC /* WaterfallVC-Delegate.swift */,
				9DD039F1298817F800E827C0 /* WaterfallCell.swift */,
				9D7E368929A0CDB100A12C81 /* WaterfallCell-Like.swift */,
				9D5CB34129938E28008FB1EC /* DraftNoteWaterfallCell.swift */,
			);
			path = Waterfall;
			sourceTree = "<group>";
		};
		9DE8934A29897220008E743E /* NoteEdit */ = {
			isa = PBXGroup;
			children = (
				9DE8934429890DB2008E743E /* NoteEditVC.swift */,
				9DAE3997298A79700040ABC9 /* NoteEdit-Config.swift */,
				9DB0A1152994F32000B1FB74 /* NoteEditVC-UI.swift */,
				9DE89350298A1C46008E743E /* NoteEditVC-CollectionView.swift */,
				9DE8934E298A08BD008E743E /* NoteEditVC-DragDrop.swift */,
				9DB0A1172994F7B600B1FB74 /* NoteEditVC-DraftNote.swift */,
				9DB0A132299E4A7000B1FB74 /* NoteEditVC-Note.swift */,
				9DB0A1132994F17100B1FB74 /* NoteEditVC-Helper.swift */,
				9DE8934629892B22008E743E /* PhotoCell.swift */,
				9DE89348298969BD008E743E /* PhotoFooter.swift */,
				9DAE399B298BC10B0040ABC9 /* TextViewIAView.swift */,
				9DAE3999298BC0510040ABC9 /* TextViewIAView.xib */,
				9DAB06D9298BF67F00CE0DD1 /* ChannelVC.swift */,
				9DAB06DB298BF9DE00CE0DD1 /* ChannelTableVC.swift */,
				9D49639E298E511B00138FDF /* POIVC.swift */,
				9D4963A42990FBE300138FDF /* POIVC-Location.swift */,
				9D4963A22990FB6E00138FDF /* POIVC-Config.swift */,
				9D4963A62991F89E00138FDF /* POIVC-KeywordsSearch.swift */,
				9D4963A02990DDCB00138FDF /* POICell.swift */,
			);
			path = NoteEdit;
			sourceTree = "<group>";
		};
		9DE89352298A1E69008E743E /* PlaceHolder */ = {
			isa = PBXGroup;
			children = (
				9DD039FD2988B54300E827C0 /* PostVC.swift */,
			);
			path = PlaceHolder;
			sourceTree = "<group>";
		};
		DAC58190A9D3F705834645AF /* Pods */ = {
			isa = PBXGroup;
			children = (
				CE726EF01A00D7E582DDE28B /* Pods-LittlePink.debug.xcconfig */,
				00ABE877DFA7A34425D115AC /* Pods-LittlePink.release.xcconfig */,
			);
			path = Pods;
			sourceTree = "<group>";
		};
/* End PBXGroup section */

/* Begin PBXNativeTarget section */
		9D066E722967D76E00536573 /* LittlePink */ = {
			isa = PBXNativeTarget;
			buildConfigurationList = 9D066E8A2967D76E00536573 /* Build configuration list for PBXNativeTarget "LittlePink" */;
			buildPhases = (
				2E5266184B926C6156948B41 /* [CP] Check Pods Manifest.lock */,
				9D066E6F2967D76E00536573 /* Sources */,
				9D066E702967D76E00536573 /* Frameworks */,
				9D066E712967D76E00536573 /* Resources */,
				1D3462F77AFECE0B77DB032A /* [CP] Embed Pods Frameworks */,
			);
			buildRules = (
			);
			dependencies = (
			);
			name = LittlePink;
			productName = LittlePink;
			productReference = 9D066E732967D76E00536573 /* LittlePink.app */;
			productType = "com.apple.product-type.application";
		};
/* End PBXNativeTarget section */

/* Begin PBXProject section */
		9D066E6B2967D76E00536573 /* Project object */ = {
			isa = PBXProject;
			attributes = {
				BuildIndependentTargetsInParallel = 1;
				LastSwiftUpdateCheck = 1400;
				LastUpgradeCheck = 1400;
				TargetAttributes = {
					9D066E722967D76E00536573 = {
						CreatedOnToolsVersion = 14.0;
					};
				};
			};
			buildConfigurationList = 9D066E6E2967D76E00536573 /* Build configuration list for PBXProject "LittlePink" */;
			compatibilityVersion = "Xcode 14.0";
			developmentRegion = en;
			hasScannedForEncodings = 0;
			knownRegions = (
				en,
				Base,
				"zh-Hans",
			);
			mainGroup = 9D066E6A2967D76E00536573;
			productRefGroup = 9D066E742967D76E00536573 /* Products */;
			projectDirPath = "";
			projectRoot = "";
			targets = (
				9D066E722967D76E00536573 /* LittlePink */,
			);
		};
/* End PBXProject section */

/* Begin PBXResourcesBuildPhase section */
		9D066E712967D76E00536573 /* Resources */ = {
			isa = PBXResourcesBuildPhase;
			buildActionMask = 2147483647;
			files = (
				9D066E862967D76E00536573 /* LaunchScreen.storyboard in Resources */,
				9DAE399A298BC0510040ABC9 /* TextViewIAView.xib in Resources */,
				9DD039F72988B1FA00E827C0 /* README.md in Resources */,
				9DE8934D298A06CD008E743E /* TV.mp4 in Resources */,
				9DB0A122299B2CAF00B1FB74 /* Assets.xcassets in Resources */,
				9D7E3685299F8C4E00A12C81 /* imagPH.png in Resources */,
				9D066E7E2967D76E00536573 /* Main.storyboard in Resources */,
				9DA0662E29A316DB00AD75C5 /* CommentView.xib in Resources */,
				9D7E3686299F8C4E00A12C81 /* PH1.jpg in Resources */,
			);
			runOnlyForDeploymentPostprocessing = 0;
		};
/* End PBXResourcesBuildPhase section */

/* Begin PBXShellScriptBuildPhase section */
		1D3462F77AFECE0B77DB032A /* [CP] Embed Pods Frameworks */ = {
			isa = PBXShellScriptBuildPhase;
			buildActionMask = 2147483647;
			files = (
			);
			inputFileListPaths = (
				"${PODS_ROOT}/Target Support Files/Pods-LittlePink/Pods-LittlePink-frameworks-${CONFIGURATION}-input-files.xcfilelist",
			);
			name = "[CP] Embed Pods Frameworks";
			outputFileListPaths = (
				"${PODS_ROOT}/Target Support Files/Pods-LittlePink/Pods-LittlePink-frameworks-${CONFIGURATION}-output-files.xcfilelist",
			);
			runOnlyForDeploymentPostprocessing = 0;
			shellPath = /bin/sh;
			shellScript = "\"${PODS_ROOT}/Target Support Files/Pods-LittlePink/Pods-LittlePink-frameworks.sh\"\n";
			showEnvVarsInLog = 0;
		};
		2E5266184B926C6156948B41 /* [CP] Check Pods Manifest.lock */ = {
			isa = PBXShellScriptBuildPhase;
			buildActionMask = 2147483647;
			files = (
			);
			inputFileListPaths = (
			);
			inputPaths = (
				"${PODS_PODFILE_DIR_PATH}/Podfile.lock",
				"${PODS_ROOT}/Manifest.lock",
			);
			name = "[CP] Check Pods Manifest.lock";
			outputFileListPaths = (
			);
			outputPaths = (
				"$(DERIVED_FILE_DIR)/Pods-LittlePink-checkManifestLockResult.txt",
			);
			runOnlyForDeploymentPostprocessing = 0;
			shellPath = /bin/sh;
			shellScript = "diff \"${PODS_PODFILE_DIR_PATH}/Podfile.lock\" \"${PODS_ROOT}/Manifest.lock\" > /dev/null\nif [ $? != 0 ] ; then\n    # print error to STDERR\n    echo \"error: The sandbox is not in sync with the Podfile.lock. Run 'pod install' or update your CocoaPods installation.\" >&2\n    exit 1\nfi\n# This output is used by Xcode 'outputs' to avoid re-running this script phase.\necho \"SUCCESS\" > \"${SCRIPT_OUTPUT_FILE_0}\"\n";
			showEnvVarsInLog = 0;
		};
/* End PBXShellScriptBuildPhase section */

/* Begin PBXSourcesBuildPhase section */
		9D066E6F2967D76E00536573 /* Sources */ = {
			isa = PBXSourcesBuildPhase;
			buildActionMask = 2147483647;
			files = (
				9DA0663029A317CB00AD75C5 /* NoteDetailVC-TVDelegate.swift in Sources */,
				9D4963A12990DDCB00138FDF /* POICell.swift in Sources */,
				9DAE399C298BC10B0040ABC9 /* TextViewIAView.swift in Sources */,
				9DB0A1142994F17100B1FB74 /* NoteEditVC-Helper.swift in Sources */,
				9DA0662C29A316BB00AD75C5 /* CommentView.swift in Sources */,
				9DB0A124299B770400B1FB74 /* SocialLoginVC.swift in Sources */,
				9DB70316298CC83500D5AB95 /* Protocols.swift in Sources */,
				9D4963A52990FBE300138FDF /* POIVC-Location.swift in Sources */,
				9DE8934F298A08BD008E743E /* NoteEditVC-DragDrop.swift in Sources */,
				9DBE7B2329A1B59100DFD690 /* NoteDetailVC-DelNote.swift in Sources */,
				9DA0663629A3763900AD75C5 /* NoteDetailVC-DelComment.swift in Sources */,
				9DA0663229A317EB00AD75C5 /* NoteDetailVC-TVDataSource.swift in Sources */,
				9DB0A128299BD9CE00B1FB74 /* CodeLoginVC.swift in Sources */,
				9DB0A138299E958200B1FB74 /* NoteDetailVC-UI.swift in Sources */,
				9D066E95297F7A4B00536573 /* NearByVC.swift in Sources */,
				9DE8934729892B22008E743E /* PhotoCell.swift in Sources */,
				9DB0A130299CECC200B1FB74 /* LoginAndMeParentVC.swift in Sources */,
				9DD039F02988144800E827C0 /* WaterfallVC.swift in Sources */,
				9DD039F2298817F800E827C0 /* WaterfallCell.swift in Sources */,
				9D4963A72991F89E00138FDF /* POIVC-KeywordsSearch.swift in Sources */,
				9D5CB3482994ABBA008FB1EC /* WaterfallVC-DataSource.swift in Sources */,
				9D066E772967D76E00536573 /* AppDelegate.swift in Sources */,
				9DE89349298969BD008E743E /* PhotoFooter.swift in Sources */,
				9D7E368829A0B0C400A12C81 /* NoteDetailVC-Like.swift in Sources */,
				9DB0A1182994F7B600B1FB74 /* NoteEditVC-DraftNote.swift in Sources */,
				9DAE3998298A79700040ABC9 /* NoteEdit-Config.swift in Sources */,
				9DB0A12C299CDF5E00B1FB74 /* LC-Extensions.swift in Sources */,
				9DB0A126299B807C00B1FB74 /* SocialLoginVC-Alipay.swift in Sources */,
				9DE8934529890DB2008E743E /* NoteEditVC.swift in Sources */,
				9DB0A11F2998CE0300B1FB74 /* LocalLogin-Extensions.swift in Sources */,
				9DB0A11A2994FF4000B1FB74 /* MeVC.swift in Sources */,
				9DBE7B2729A1B94900DFD690 /* NoteDetailVC-Helper.swift in Sources */,
				9D066E8F2976CC1700536573 /* HomeVC.swift in Sources */,
				9DA0663829A3861000AD75C5 /* NoteDetailVC-PostComment.swift in Sources */,
				9DB0A12E299CE49000B1FB74 /* Login-Extensions.swift in Sources */,
				9DA0663429A3553200AD75C5 /* NoteDetailVC-LoadData.swift in Sources */,
				9DB0A1162994F32000B1FB74 /* NoteEditVC-UI.swift in Sources */,
				9DD039FE2988B54300E827C0 /* PostVC.swift in Sources */,
				9DB0A133299E4A7100B1FB74 /* NoteEditVC-Note.swift in Sources */,
				9D066E91297F7A1700536573 /* FollowVC.swift in Sources */,
				9DB0A11D2998CC2F00B1FB74 /* LoginVC.swift in Sources */,
				9D7E368A29A0CDB100A12C81 /* WaterfallCell-Like.swift in Sources */,
				9DAB06DA298BF67F00CE0DD1 /* ChannelVC.swift in Sources */,
				9DE89351298A1C46008E743E /* NoteEditVC-CollectionView.swift in Sources */,
				9DBE7B2529A1B59E00DFD690 /* NoteDetailVC-EditNote.swift in Sources */,
				9D5CB34429949894008FB1EC /* WaterfallVC-LoadData.swift in Sources */,
				9D5CB34A2994E2C4008FB1EC /* WaterfallVC-Delegate.swift in Sources */,
				9DB0A13C299F1F0700B1FB74 /* CustomViews.swift in Sources */,
				9DD03A042988B7E100E827C0 /* TabBarC.swift in Sources */,
				9DD03A062988BC5B00E827C0 /* System-Extensions.swift in Sources */,
				9DA0663A29A3862F00AD75C5 /* NoteDetailVC-PostReply.swift in Sources */,
				9D066E792967D76E00536573 /* SceneDelegate.swift in Sources */,
				9D066E812967D76E00536573 /* LittlePink.xcdatamodeld in Sources */,
				9DBE7B2129A1B4C000DFD690 /* NoteDetailVC-ShareOrMore.swift in Sources */,
				9DAB06DC298BF9DE00CE0DD1 /* ChannelTableVC.swift in Sources */,
				9D5CB346299498E7008FB1EC /* WaterfallVC-Config.swift in Sources */,
				9D066E93297F7A3100536573 /* DiscoverVC.swift in Sources */,
				9DB0A13A299E959D00B1FB74 /* NoteDetailVC-Config.swift in Sources */,
				9DBE7B1F29A0D59400DFD690 /* NoteDetailVC-Fav.swift in Sources */,
				9D066E97297F7CC800536573 /* Constants.swift in Sources */,
				9DB0A12A299BD9FA00B1FB74 /* PasswordLoginVC.swift in Sources */,
				9D49639F298E511B00138FDF /* POIVC.swift in Sources */,
				9D4963A32990FB6E00138FDF /* POIVC-Config.swift in Sources */,
				9D5CB34229938E28008FB1EC /* DraftNoteWaterfallCell.swift in Sources */,
				9DB0A135299E8E6100B1FB74 /* NoteDetailVC.swift in Sources */,
			);
			runOnlyForDeploymentPostprocessing = 0;
		};
/* End PBXSourcesBuildPhase section */

/* Begin PBXVariantGroup section */
		9D066E7C2967D76E00536573 /* Main.storyboard */ = {
			isa = PBXVariantGroup;
			children = (
				9D066E7D2967D76E00536573 /* Base */,
				9DBB53CA2988E95400396B6D /* zh-Hans */,
			);
			name = Main.storyboard;
			sourceTree = "<group>";
		};
		9D066E842967D76E00536573 /* LaunchScreen.storyboard */ = {
			isa = PBXVariantGroup;
			children = (
				9D066E852967D76E00536573 /* Base */,
				9DBB53CB2988E95400396B6D /* zh-Hans */,
			);
			name = LaunchScreen.storyboard;
			sourceTree = "<group>";
		};
/* End PBXVariantGroup section */

/* Begin XCBuildConfiguration section */
		9D066E882967D76E00536573 /* Debug */ = {
			isa = XCBuildConfiguration;
			buildSettings = {
				ALWAYS_SEARCH_USER_PATHS = NO;
				CLANG_ANALYZER_LOCALIZABILITY_NONLOCALIZED = YES;
				CLANG_ANALYZER_NONNULL = YES;
				CLANG_ANALYZER_NUMBER_OBJECT_CONVERSION = YES_AGGRESSIVE;
				CLANG_CXX_LANGUAGE_STANDARD = "gnu++20";
				CLANG_ENABLE_MODULES = YES;
				CLANG_ENABLE_OBJC_ARC = YES;
				CLANG_ENABLE_OBJC_WEAK = YES;
				CLANG_WARN_BLOCK_CAPTURE_AUTORELEASING = YES;
				CLANG_WARN_BOOL_CONVERSION = YES;
				CLANG_WARN_COMMA = YES;
				CLANG_WARN_CONSTANT_CONVERSION = YES;
				CLANG_WARN_DEPRECATED_OBJC_IMPLEMENTATIONS = YES;
				CLANG_WARN_DIRECT_OBJC_ISA_USAGE = YES_ERROR;
				CLANG_WARN_DOCUMENTATION_COMMENTS = YES;
				CLANG_WARN_EMPTY_BODY = YES;
				CLANG_WARN_ENUM_CONVERSION = YES;
				CLANG_WARN_INFINITE_RECURSION = YES;
				CLANG_WARN_INT_CONVERSION = YES;
				CLANG_WARN_NON_LITERAL_NULL_CONVERSION = YES;
				CLANG_WARN_OBJC_IMPLICIT_RETAIN_SELF = YES;
				CLANG_WARN_OBJC_LITERAL_CONVERSION = YES;
				CLANG_WARN_OBJC_ROOT_CLASS = YES_ERROR;
				CLANG_WARN_QUOTED_INCLUDE_IN_FRAMEWORK_HEADER = YES;
				CLANG_WARN_RANGE_LOOP_ANALYSIS = YES;
				CLANG_WARN_STRICT_PROTOTYPES = YES;
				CLANG_WARN_SUSPICIOUS_MOVE = YES;
				CLANG_WARN_UNGUARDED_AVAILABILITY = YES_AGGRESSIVE;
				CLANG_WARN_UNREACHABLE_CODE = YES;
				CLANG_WARN__DUPLICATE_METHOD_MATCH = YES;
				COPY_PHASE_STRIP = NO;
				DEBUG_INFORMATION_FORMAT = dwarf;
				ENABLE_STRICT_OBJC_MSGSEND = YES;
				ENABLE_TESTABILITY = YES;
				EXCLUDED_ARCHS = "";
				"EXCLUDED_ARCHS[sdk=*]" = arm64;
				GCC_C_LANGUAGE_STANDARD = gnu11;
				GCC_DYNAMIC_NO_PIC = NO;
				GCC_NO_COMMON_BLOCKS = YES;
				GCC_OPTIMIZATION_LEVEL = 0;
				GCC_PREPROCESSOR_DEFINITIONS = (
					"DEBUG=1",
					"$(inherited)",
				);
				GCC_WARN_64_TO_32_BIT_CONVERSION = YES;
				GCC_WARN_ABOUT_RETURN_TYPE = YES_ERROR;
				GCC_WARN_UNDECLARED_SELECTOR = YES;
				GCC_WARN_UNINITIALIZED_AUTOS = YES_AGGRESSIVE;
				GCC_WARN_UNUSED_FUNCTION = YES;
				GCC_WARN_UNUSED_VARIABLE = YES;
				IPHONEOS_DEPLOYMENT_TARGET = 16.0;
				MTL_ENABLE_DEBUG_INFO = INCLUDE_SOURCE;
				MTL_FAST_MATH = YES;
				ONLY_ACTIVE_ARCH = YES;
				SDKROOT = iphoneos;
				SWIFT_ACTIVE_COMPILATION_CONDITIONS = DEBUG;
				SWIFT_OPTIMIZATION_LEVEL = "-Onone";
			};
			name = Debug;
		};
		9D066E892967D76E00536573 /* Release */ = {
			isa = XCBuildConfiguration;
			buildSettings = {
				ALWAYS_SEARCH_USER_PATHS = NO;
				CLANG_ANALYZER_LOCALIZABILITY_NONLOCALIZED = YES;
				CLANG_ANALYZER_NONNULL = YES;
				CLANG_ANALYZER_NUMBER_OBJECT_CONVERSION = YES_AGGRESSIVE;
				CLANG_CXX_LANGUAGE_STANDARD = "gnu++20";
				CLANG_ENABLE_MODULES = YES;
				CLANG_ENABLE_OBJC_ARC = YES;
				CLANG_ENABLE_OBJC_WEAK = YES;
				CLANG_WARN_BLOCK_CAPTURE_AUTORELEASING = YES;
				CLANG_WARN_BOOL_CONVERSION = YES;
				CLANG_WARN_COMMA = YES;
				CLANG_WARN_CONSTANT_CONVERSION = YES;
				CLANG_WARN_DEPRECATED_OBJC_IMPLEMENTATIONS = YES;
				CLANG_WARN_DIRECT_OBJC_ISA_USAGE = YES_ERROR;
				CLANG_WARN_DOCUMENTATION_COMMENTS = YES;
				CLANG_WARN_EMPTY_BODY = YES;
				CLANG_WARN_ENUM_CONVERSION = YES;
				CLANG_WARN_INFINITE_RECURSION = YES;
				CLANG_WARN_INT_CONVERSION = YES;
				CLANG_WARN_NON_LITERAL_NULL_CONVERSION = YES;
				CLANG_WARN_OBJC_IMPLICIT_RETAIN_SELF = YES;
				CLANG_WARN_OBJC_LITERAL_CONVERSION = YES;
				CLANG_WARN_OBJC_ROOT_CLASS = YES_ERROR;
				CLANG_WARN_QUOTED_INCLUDE_IN_FRAMEWORK_HEADER = YES;
				CLANG_WARN_RANGE_LOOP_ANALYSIS = YES;
				CLANG_WARN_STRICT_PROTOTYPES = YES;
				CLANG_WARN_SUSPICIOUS_MOVE = YES;
				CLANG_WARN_UNGUARDED_AVAILABILITY = YES_AGGRESSIVE;
				CLANG_WARN_UNREACHABLE_CODE = YES;
				CLANG_WARN__DUPLICATE_METHOD_MATCH = YES;
				COPY_PHASE_STRIP = NO;
				DEBUG_INFORMATION_FORMAT = "dwarf-with-dsym";
				ENABLE_NS_ASSERTIONS = NO;
				ENABLE_STRICT_OBJC_MSGSEND = YES;
				EXCLUDED_ARCHS = "";
				"EXCLUDED_ARCHS[sdk=*]" = arm64;
				GCC_C_LANGUAGE_STANDARD = gnu11;
				GCC_NO_COMMON_BLOCKS = YES;
				GCC_WARN_64_TO_32_BIT_CONVERSION = YES;
				GCC_WARN_ABOUT_RETURN_TYPE = YES_ERROR;
				GCC_WARN_UNDECLARED_SELECTOR = YES;
				GCC_WARN_UNINITIALIZED_AUTOS = YES_AGGRESSIVE;
				GCC_WARN_UNUSED_FUNCTION = YES;
				GCC_WARN_UNUSED_VARIABLE = YES;
				IPHONEOS_DEPLOYMENT_TARGET = 16.0;
				MTL_ENABLE_DEBUG_INFO = NO;
				MTL_FAST_MATH = YES;
				SDKROOT = iphoneos;
				SWIFT_COMPILATION_MODE = wholemodule;
				SWIFT_OPTIMIZATION_LEVEL = "-O";
				VALIDATE_PRODUCT = YES;
			};
			name = Release;
		};
		9D066E8B2967D76E00536573 /* Debug */ = {
			isa = XCBuildConfiguration;
			baseConfigurationReference = CE726EF01A00D7E582DDE28B /* Pods-LittlePink.debug.xcconfig */;
			buildSettings = {
				ASSETCATALOG_COMPILER_APPICON_NAME = AppIcon;
				ASSETCATALOG_COMPILER_GLOBAL_ACCENT_COLOR_NAME = AccentColor;
				CODE_SIGN_STYLE = Automatic;
				CURRENT_PROJECT_VERSION = 1;
				DEVELOPMENT_TEAM = SGH33VSC46;
				EXCLUDED_ARCHS = "";
				"EXCLUDED_ARCHS[sdk=*]" = arm64;
				GENERATE_INFOPLIST_FILE = YES;
				INFOPLIST_FILE = LittlePink/Info.plist;
				INFOPLIST_KEY_CFBundleDisplayName = "悦生活";
				INFOPLIST_KEY_NSCameraUsageDescription = "打开后可拍摄照片和视频";
				INFOPLIST_KEY_NSLocationWhenInUseUsageDescription = "打开后可获取周边信息";
				INFOPLIST_KEY_NSMicrophoneUsageDescription = "打开后可录制视频声音";
				INFOPLIST_KEY_NSPhotoLibraryAddUsageDescription = "打开后可存储照片和视频";
				INFOPLIST_KEY_NSPhotoLibraryUsageDescription = "打开后可选择照片和视频";
				INFOPLIST_KEY_UIApplicationSupportsIndirectInputEvents = YES;
				INFOPLIST_KEY_UILaunchStoryboardName = LaunchScreen;
				INFOPLIST_KEY_UIMainStoryboardFile = Main;
				INFOPLIST_KEY_UIStatusBarStyle = "";
				INFOPLIST_KEY_UISupportedInterfaceOrientations = UIInterfaceOrientationPortrait;
				INFOPLIST_KEY_UISupportedInterfaceOrientations_iPad = "UIInterfaceOrientationLandscapeLeft UIInterfaceOrientationLandscapeRight UIInterfaceOrientationPortrait UIInterfaceOrientationPortraitUpsideDown";
				LD_RUNPATH_SEARCH_PATHS = (
					"$(inherited)",
					"@executable_path/Frameworks",
				);
				MARKETING_VERSION = 1.0;
				PRODUCT_BUNDLE_IDENTIFIER = Hwan.LittlePink;
				PRODUCT_NAME = "$(TARGET_NAME)";
				SUPPORTED_PLATFORMS = "iphoneos iphonesimulator";
				SUPPORTS_MACCATALYST = NO;
				SUPPORTS_MAC_DESIGNED_FOR_IPHONE_IPAD = YES;
				SWIFT_EMIT_LOC_STRINGS = YES;
				SWIFT_OBJC_BRIDGING_HEADER = "LittlePink/LittlePink-Bridging-Header.h";
				SWIFT_VERSION = 5.0;
				TARGETED_DEVICE_FAMILY = 1;
			};
			name = Debug;
		};
		9D066E8C2967D76E00536573 /* Release */ = {
			isa = XCBuildConfiguration;
			baseConfigurationReference = 00ABE877DFA7A34425D115AC /* Pods-LittlePink.release.xcconfig */;
			buildSettings = {
				ASSETCATALOG_COMPILER_APPICON_NAME = AppIcon;
				ASSETCATALOG_COMPILER_GLOBAL_ACCENT_COLOR_NAME = AccentColor;
				CODE_SIGN_STYLE = Automatic;
				CURRENT_PROJECT_VERSION = 1;
				DEVELOPMENT_TEAM = SGH33VSC46;
				EXCLUDED_ARCHS = "";
				"EXCLUDED_ARCHS[sdk=*]" = arm64;
				GENERATE_INFOPLIST_FILE = YES;
				INFOPLIST_FILE = LittlePink/Info.plist;
				INFOPLIST_KEY_CFBundleDisplayName = "悦生活";
				INFOPLIST_KEY_NSCameraUsageDescription = "打开后可拍摄照片和视频";
				INFOPLIST_KEY_NSLocationWhenInUseUsageDescription = "打开后可获取周边信息";
				INFOPLIST_KEY_NSMicrophoneUsageDescription = "打开后可录制视频声音";
				INFOPLIST_KEY_NSPhotoLibraryAddUsageDescription = "打开后可存储照片和视频";
				INFOPLIST_KEY_NSPhotoLibraryUsageDescription = "打开后可选择照片和视频";
				INFOPLIST_KEY_UIApplicationSupportsIndirectInputEvents = YES;
				INFOPLIST_KEY_UILaunchStoryboardName = LaunchScreen;
				INFOPLIST_KEY_UIMainStoryboardFile = Main;
				INFOPLIST_KEY_UIStatusBarStyle = "";
				INFOPLIST_KEY_UISupportedInterfaceOrientations = UIInterfaceOrientationPortrait;
				INFOPLIST_KEY_UISupportedInterfaceOrientations_iPad = "UIInterfaceOrientationLandscapeLeft UIInterfaceOrientationLandscapeRight UIInterfaceOrientationPortrait UIInterfaceOrientationPortraitUpsideDown";
				LD_RUNPATH_SEARCH_PATHS = (
					"$(inherited)",
					"@executable_path/Frameworks",
				);
				MARKETING_VERSION = 1.0;
				ONLY_ACTIVE_ARCH = NO;
				PRODUCT_BUNDLE_IDENTIFIER = Hwan.LittlePink;
				PRODUCT_NAME = "$(TARGET_NAME)";
				SUPPORTED_PLATFORMS = "iphoneos iphonesimulator";
				SUPPORTS_MACCATALYST = NO;
				SUPPORTS_MAC_DESIGNED_FOR_IPHONE_IPAD = YES;
				SWIFT_EMIT_LOC_STRINGS = YES;
				SWIFT_OBJC_BRIDGING_HEADER = "LittlePink/LittlePink-Bridging-Header.h";
				SWIFT_VERSION = 5.0;
				TARGETED_DEVICE_FAMILY = 1;
			};
			name = Release;
		};
/* End XCBuildConfiguration section */

/* Begin XCConfigurationList section */
		9D066E6E2967D76E00536573 /* Build configuration list for PBXProject "LittlePink" */ = {
			isa = XCConfigurationList;
			buildConfigurations = (
				9D066E882967D76E00536573 /* Debug */,
				9D066E892967D76E00536573 /* Release */,
			);
			defaultConfigurationIsVisible = 0;
			defaultConfigurationName = Release;
		};
		9D066E8A2967D76E00536573 /* Build configuration list for PBXNativeTarget "LittlePink" */ = {
			isa = XCConfigurationList;
			buildConfigurations = (
				9D066E8B2967D76E00536573 /* Debug */,
				9D066E8C2967D76E00536573 /* Release */,
			);
			defaultConfigurationIsVisible = 0;
			defaultConfigurationName = Release;
		};
/* End XCConfigurationList section */

/* Begin XCVersionGroup section */
		9D066E7F2967D76E00536573 /* LittlePink.xcdatamodeld */ = {
			isa = XCVersionGroup;
			children = (
				9D066E802967D76E00536573 /* LittlePink.xcdatamodel */,
			);
			currentVersion = 9D066E802967D76E00536573 /* LittlePink.xcdatamodel */;
			path = LittlePink.xcdatamodeld;
			sourceTree = "<group>";
			versionGroupType = wrapper.xcdatamodel;
		};
/* End XCVersionGroup section */
	};
	rootObject = 9D066E6B2967D76E00536573 /* Project object */;
}
